
Microsoft Visual Studio Solution File, Format Version 12.00
# Visual Studio Version 17
VisualStudioVersion = 17.1.32210.238
MinimumVisualStudioVersion = 10.0.40219.1
Project("{9A19103F-16F7-4668-BE54-9A1E7A4F7556}") = "ConsoleApp9", "ConsoleApp9\ConsoleApp9.csproj", "{084E4685-BC92-4EDE-8C82-639192616C3E}"
EndProject
Project("{9A19103F-16F7-4668-BE54-9A1E7A4F7556}") = "PuppeteerClassLibrary", "PuppeteerClassLibrary\PuppeteerClassLibrary.csproj", "{7334028E-C6C1-4FDD-915F-223D38DCF48A}"
EndProject
Project("{9A19103F-16F7-4668-BE54-9A1E7A4F7556}") = "MobileRequestApi", "MobileRequestApi\MobileRequestApi.csproj", "{DCDC2001-762F-462A-A05B-FFF7BC7D87E8}"
EndProject
Project("{2150E333-8FDC-42A3-9474-1A3956D46DE8}") = "Docker Information", "Docker Information", "{04B0A01A-9B26-4A77-A4FF-F9383FC9A685}"
	ProjectSection(SolutionItems) = preProject
		ConsoleApp9\Dockerfile = ConsoleApp9\Dockerfile
		ConsoleApp9\Instructions for docker.txt = ConsoleApp9\Instructions for docker.txt
	EndProjectSection
EndProject
Project("{9A19103F-16F7-4668-BE54-9A1E7A4F7556}") = "DataPostgresqlLibrary", "DataPostgresqlLibrary\DataPostgresqlLibrary.csproj", "{ED598848-A89E-40DE-81D5-0ACB81C978FA}"
EndProject
Project("{9A19103F-16F7-4668-BE54-9A1E7A4F7556}") = "DataModelsLibrary", "DataModelsLibrary\DataModelsLibrary.csproj", "{315660FA-A8C3-4D6A-AC36-7F0416B8C405}"
EndProject
Project("{9A19103F-16F7-4668-BE54-9A1E7A4F7556}") = "DataSharedLibrary", "DataSharedLibrary\DataSharedLibrary.csproj", "{8AA3A907-83BB-4450-AAFD-8BC4018A4347}"
EndProject
Project("{FAE04EC0-301F-11D3-BF4B-00C04F79EFBC}") = "MobileOMaticBackgroundServicesLibrary", "MobileOMaticBackgroundServicesLibrary\MobileOMaticBackgroundServicesLibrary.csproj", "{FB8468AD-6CE8-4054-9F2F-C1129D203015}"
EndProject
Global
	GlobalSection(SolutionConfigurationPlatforms) = preSolution
		Debug|Any CPU = Debug|Any CPU
		Release|Any CPU = Release|Any CPU
	EndGlobalSection
	GlobalSection(ProjectConfigurationPlatforms) = postSolution
		{084E4685-BC92-4EDE-8C82-639192616C3E}.Debug|Any CPU.ActiveCfg = Debug|Any CPU
		{084E4685-BC92-4EDE-8C82-639192616C3E}.Debug|Any CPU.Build.0 = Debug|Any CPU
		{084E4685-BC92-4EDE-8C82-639192616C3E}.Release|Any CPU.ActiveCfg = Release|Any CPU
		{084E4685-BC92-4EDE-8C82-639192616C3E}.Release|Any CPU.Build.0 = Release|Any CPU
		{7334028E-C6C1-4FDD-915F-223D38DCF48A}.Debug|Any CPU.ActiveCfg = Debug|Any CPU
		{7334028E-C6C1-4FDD-915F-223D38DCF48A}.Debug|Any CPU.Build.0 = Debug|Any CPU
		{7334028E-C6C1-4FDD-915F-223D38DCF48A}.Release|Any CPU.ActiveCfg = Release|Any CPU
		{7334028E-C6C1-4FDD-915F-223D38DCF48A}.Release|Any CPU.Build.0 = Release|Any CPU
		{DCDC2001-762F-462A-A05B-FFF7BC7D87E8}.Debug|Any CPU.ActiveCfg = Debug|Any CPU
		{DCDC2001-762F-462A-A05B-FFF7BC7D87E8}.Debug|Any CPU.Build.0 = Debug|Any CPU
		{DCDC2001-762F-462A-A05B-FFF7BC7D87E8}.Release|Any CPU.ActiveCfg = Release|Any CPU
		{DCDC2001-762F-462A-A05B-FFF7BC7D87E8}.Release|Any CPU.Build.0 = Release|Any CPU
		{ED598848-A89E-40DE-81D5-0ACB81C978FA}.Debug|Any CPU.ActiveCfg = Debug|Any CPU
		{ED598848-A89E-40DE-81D5-0ACB81C978FA}.Debug|Any CPU.Build.0 = Debug|Any CPU
		{ED598848-A89E-40DE-81D5-0ACB81C978FA}.Release|Any CPU.ActiveCfg = Release|Any CPU
		{ED598848-A89E-40DE-81D5-0ACB81C978FA}.Release|Any CPU.Build.0 = Release|Any CPU
		{315660FA-A8C3-4D6A-AC36-7F0416B8C405}.Debug|Any CPU.ActiveCfg = Debug|Any CPU
		{315660FA-A8C3-4D6A-AC36-7F0416B8C405}.Debug|Any CPU.Build.0 = Debug|Any CPU
		{315660FA-A8C3-4D6A-AC36-7F0416B8C405}.Release|Any CPU.ActiveCfg = Release|Any CPU
		{315660FA-A8C3-4D6A-AC36-7F0416B8C405}.Release|Any CPU.Build.0 = Release|Any CPU
		{8AA3A907-83BB-4450-AAFD-8BC4018A4347}.Debug|Any CPU.ActiveCfg = Debug|Any CPU
		{8AA3A907-83BB-4450-AAFD-8BC4018A4347}.Debug|Any CPU.Build.0 = Debug|Any CPU
		{8AA3A907-83BB-4450-AAFD-8BC4018A4347}.Release|Any CPU.ActiveCfg = Release|Any CPU
		{8AA3A907-83BB-4450-AAFD-8BC4018A4347}.Release|Any CPU.Build.0 = Release|Any CPU
		{FB8468AD-6CE8-4054-9F2F-C1129D203015}.Debug|Any CPU.ActiveCfg = Debug|Any CPU
		{FB8468AD-6CE8-4054-9F2F-C1129D203015}.Debug|Any CPU.Build.0 = Debug|Any CPU
		{FB8468AD-6CE8-4054-9F2F-C1129D203015}.Release|Any CPU.ActiveCfg = Release|Any CPU
		{FB8468AD-6CE8-4054-9F2F-C1129D203015}.Release|Any CPU.Build.0 = Release|Any CPU
	EndGlobalSection
	GlobalSection(SolutionProperties) = preSolution
		HideSolutionNode = FALSE
	EndGlobalSection
	GlobalSection(ExtensibilityGlobals) = postSolution
		SolutionGuid = {0B70FE91-13AB-4324-B0D4-CBA8FCB24D18}
	EndGlobalSection
EndGlobal
