
Microsoft Visual Studio Solution File, Format Version 12.00
# Visual Studio Version 17
VisualStudioVersion = 17.1.32210.238
MinimumVisualStudioVersion = 10.0.40219.1
Project("{9A19103F-16F7-4668-BE54-9A1E7A4F7556}") = "ConsoleApp9", "ConsoleApp9\ConsoleApp9.csproj", "{084E4685-BC92-4EDE-8C82-639192616C3E}"
EndProject
Project("{9A19103F-16F7-4668-BE54-9A1E7A4F7556}") = "MobileOMatic_ApiHost", "MobileRequestApi\MobileOMatic_ApiHost.csproj", "{DCDC2001-762F-462A-A05B-FFF7BC7D87E8}"
	ProjectSection(ProjectDependencies) = postProject
		{166142B3-801B-4009-BD76-A059801197F5} = {166142B3-801B-4009-BD76-A059801197F5}
		{281450F7-B61A-4162-A835-554C87D4DD12} = {281450F7-B61A-4162-A835-554C87D4DD12}
	EndProjectSection
EndProject
Project("{2150E333-8FDC-42A3-9474-1A3956D46DE8}") = "Docker Information", "Docker Information", "{04B0A01A-9B26-4A77-A4FF-F9383FC9A685}"
	ProjectSection(SolutionItems) = preProject
		ConsoleApp9\Dockerfile = ConsoleApp9\Dockerfile
		ConsoleApp9\Instructions for docker.txt = ConsoleApp9\Instructions for docker.txt
	EndProjectSection
EndProject
Project("{9A19103F-16F7-4668-BE54-9A1E7A4F7556}") = "DataModelsLibrary", "DataModelsLibrary\DataModelsLibrary.csproj", "{315660FA-A8C3-4D6A-AC36-7F0416B8C405}"
EndProject
Project("{9A19103F-16F7-4668-BE54-9A1E7A4F7556}") = "MobileOMaticBackgroundServicesLibrary", "MobileOMaticBackgroundServicesLibrary\MobileOMaticBackgroundServicesLibrary.csproj", "{FB8468AD-6CE8-4054-9F2F-C1129D203015}"
EndProject
Project("{2150E333-8FDC-42A3-9474-1A3956D46DE8}") = "Unit Tests", "Unit Tests", "{CFF35558-0245-4504-8738-EAC08235531F}"
EndProject
Project("{9A19103F-16F7-4668-BE54-9A1E7A4F7556}") = "LoggingUnitTests", "LoggingUnitTests\LoggingUnitTests.csproj", "{AFBE7401-4378-4C55-A28B-4A95EFB0DA32}"
EndProject
Project("{9A19103F-16F7-4668-BE54-9A1E7A4F7556}") = "LoggingServicesLibrary", "LoggingServicesLibrary\LoggingServicesLibrary.csproj", "{3907C0E6-9780-4D50-9B12-FAAA6324F3BD}"
EndProject
Project("{9A19103F-16F7-4668-BE54-9A1E7A4F7556}") = "UnitOfWorkClassLibrary3", "UnitOfWorkClassLibrary3\UnitOfWorkClassLibrary3.csproj", "{C4C73691-80C2-4F0F-BCC5-89CDF23D68D1}"
EndProject
Project("{2150E333-8FDC-42A3-9474-1A3956D46DE8}") = "Solution Items", "Solution Items", "{DC6DB5FA-8A0C-4F86-9504-F1C7DF55AE26}"
	ProjectSection(SolutionItems) = preProject
		.editorconfig = .editorconfig
	EndProjectSection
EndProject
Project("{9A19103F-16F7-4668-BE54-9A1E7A4F7556}") = "UnitOfWorkTypesLibrary", "UnitOfWorkTypesLibrary\UnitOfWorkTypesLibrary.csproj", "{772CA7EE-D81A-4F70-A870-917B9FE274F6}"
EndProject
Project("{9A19103F-16F7-4668-BE54-9A1E7A4F7556}") = "AutomaticTaskSharedLibrary", "AutomaticTaskLibrary\AutomaticTaskSharedLibrary.csproj", "{1B946E24-3063-4C90-B494-DCD261F2B853}"
EndProject
Project("{9A19103F-16F7-4668-BE54-9A1E7A4F7556}") = "AutomaticTaskMessageLibrary", "AutomaticTaskMessageLibrary\AutomaticTaskMessageLibrary.csproj", "{AB33D57E-0A33-4F13-B0F1-C449B1CC9BBB}"
EndProject
Project("{9A19103F-16F7-4668-BE54-9A1E7A4F7556}") = "ApiDTO", "MobileRequestApiDTO\ApiDTO.csproj", "{A79ED1B3-5967-4ECA-8E73-5566182C1A7A}"
EndProject
Project("{2150E333-8FDC-42A3-9474-1A3956D46DE8}") = "Repositories", "Repositories", "{04F3A803-EB5A-49FD-AE92-090C9B8B52A0}"
EndProject
Project("{2150E333-8FDC-42A3-9474-1A3956D46DE8}") = "Data", "Data", "{44413A29-0B96-4D93-9727-65FA1682DF01}"
EndProject
Project("{2150E333-8FDC-42A3-9474-1A3956D46DE8}") = "Automation", "Automation", "{3CE12A3C-1D02-4661-A4D5-29905ED26725}"
EndProject
Project("{2150E333-8FDC-42A3-9474-1A3956D46DE8}") = "Support", "Support", "{32A6DEAF-2409-4341-984D-4BF92708F525}"
EndProject
Project("{2150E333-8FDC-42A3-9474-1A3956D46DE8}") = "API", "API", "{5AE88197-6AFE-4BAB-BB90-971AB0A0AC68}"
EndProject
Project("{9A19103F-16F7-4668-BE54-9A1E7A4F7556}") = "InvoiceRepository", "InvoiceRepository\InvoiceRepository.csproj", "{BA07E48E-410B-44BD-81FE-874FAED9DB86}"
EndProject
Project("{9A19103F-16F7-4668-BE54-9A1E7A4F7556}") = "InvoiceRepositoryTypes", "InvoiceRepositoryTypes\InvoiceRepositoryTypes.csproj", "{68CFC54F-31E6-4C45-84FF-0641C0EE67B0}"
EndProject
Project("{9A19103F-16F7-4668-BE54-9A1E7A4F7556}") = "OrganizationRepositoryTypes", "OrganizationRepositoryTypes\OrganizationRepositoryTypes.csproj", "{FFDE5333-94BC-4645-98DE-A7A17BFE86AD}"
EndProject
Project("{9A19103F-16F7-4668-BE54-9A1E7A4F7556}") = "OrganizationRepository", "OrganizationRepository\OrganizationRepository.csproj", "{505FE7CA-E443-43C8-B7AD-26A5CF2A7887}"
EndProject
Project("{9A19103F-16F7-4668-BE54-9A1E7A4F7556}") = "ZohoBooksService", "ZohoBooksService\ZohoBooksService.csproj", "{F809F973-33BF-41C0-B4AA-D993FCD9CA1A}"
EndProject
Project("{9A19103F-16F7-4668-BE54-9A1E7A4F7556}") = "AutomaticTaskMessageHandlerHost", "AutomaticTaskMessageHandlerLibrary\AutomaticTaskMessageHandlerHost.csproj", "{505A726B-1ED4-4406-A2D0-4CC27B8EE36B}"
EndProject
Project("{9A19103F-16F7-4668-BE54-9A1E7A4F7556}") = "AutomaticTaskBrowserCommandProcessingLibrary", "AutomaticTaskBrowserCommandProcessingLibrary\AutomaticTaskBrowserCommandProcessingLibrary.csproj", "{37A70522-6B27-476F-8BCF-A0B9A3B2F956}"
EndProject
Project("{9A19103F-16F7-4668-BE54-9A1E7A4F7556}") = "ResellerRepository", "ResellerRepository\ResellerRepository.csproj", "{AD8DC8D2-A387-46C9-8685-72F14CD1F539}"
EndProject
Project("{9A19103F-16F7-4668-BE54-9A1E7A4F7556}") = "ApiRequestLibrary", "ApiRequestLibrary\ApiRequestLibrary.csproj", "{4036FAB0-6733-4FCE-9BBC-459E015B4CD8}"
EndProject
Project("{9A19103F-16F7-4668-BE54-9A1E7A4F7556}") = "AuthenticationRepository", "AuthenticationRepository\AuthenticationRepository.csproj", "{C515924D-640A-452C-9A8A-D343A02993A4}"
EndProject
Project("{9A19103F-16F7-4668-BE54-9A1E7A4F7556}") = "AuthenticationRepositoryTypes", "AuthenticationRepositoryTypes\AuthenticationRepositoryTypes.csproj", "{F35DACDD-1D70-401A-9BF1-29FB216D4AEF}"
EndProject
Project("{9A19103F-16F7-4668-BE54-9A1E7A4F7556}") = "SecurityUtilities", "SecurityUtilities\SecurityUtilities.csproj", "{281450F7-B61A-4162-A835-554C87D4DD12}"
EndProject
Project("{9A19103F-16F7-4668-BE54-9A1E7A4F7556}") = "SecurityUtilitiesTypes", "SecurityUtilitiesTypes\SecurityUtilitiesTypes.csproj", "{166142B3-801B-4009-BD76-A059801197F5}"
EndProject
Project("{9A19103F-16F7-4668-BE54-9A1E7A4F7556}") = "VendorRepositoryTypes", "VendorRepositoryTypes\VendorRepositoryTypes.csproj", "{8B815BD7-AE1A-40D0-B640-1B2EE855755F}"
EndProject
Project("{9A19103F-16F7-4668-BE54-9A1E7A4F7556}") = "VendorRepository", "VendorRepository\VendorRepository.csproj", "{8FA99A67-720E-4A49-B99C-7B631EB478D3}"
EndProject
Project("{9A19103F-16F7-4668-BE54-9A1E7A4F7556}") = "ResellerRepositoryTypes", "ResellerRepositoryTypes\ResellerRepositoryTypes.csproj", "{82D68B67-C4F2-4125-A902-76AADCB76882}"
EndProject
Project("{9A19103F-16F7-4668-BE54-9A1E7A4F7556}") = "DataSeedingLibrary", "DataSeedingLibrary\DataSeedingLibrary.csproj", "{57D3C053-C78A-45DB-B6B6-418A59E53CE0}"
EndProject
Project("{9A19103F-16F7-4668-BE54-9A1E7A4F7556}") = "DummyProjectForMigrations", "DummyProjectForMigrations\DummyProjectForMigrations.csproj", "{FFC58534-26AF-4534-AB00-3C1D330620E7}"
EndProject
Project("{2150E333-8FDC-42A3-9474-1A3956D46DE8}") = "SiteSide", "SiteSide", "{A1630574-3BCF-45CE-A9ED-63B533290D56}"
EndProject
Project("{2150E333-8FDC-42A3-9474-1A3956D46DE8}") = "ZohoSide", "ZohoSide", "{57E6D0DC-5947-4927-A3D9-97745B3E84C5}"
EndProject
Project("{9A19103F-16F7-4668-BE54-9A1E7A4F7556}") = "AutomaticTaskQueueLibrary", "AutomaticTaskQueueLibrary\AutomaticTaskQueueLibrary.csproj", "{7AB82668-99B6-4558-85C7-7DF6FA6A5C10}"
EndProject
Project("{9A19103F-16F7-4668-BE54-9A1E7A4F7556}") = "RestServicesSupport", "RestServicesSupport\RestServicesSupport.csproj", "{991A58AD-7D36-48D4-84D7-4DB31315F81B}"
EndProject
Project("{9A19103F-16F7-4668-BE54-9A1E7A4F7556}") = "TransferRepository", "TransferRepository\TransferRepository.csproj", "{CEF32AE7-AF69-4A45-8B82-1D8DB58A62D0}"
EndProject
Project("{2150E333-8FDC-42A3-9474-1A3956D46DE8}") = "Documentation", "Documentation", "{8B4BB801-9E6D-4853-969F-99586A444DF4}"
	ProjectSection(SolutionItems) = preProject
		Documentation\ApplicationLifeCycleLibrary.docx = Documentation\ApplicationLifeCycleLibrary.docx
		Documentation\DatabaseDesign_Migration.docx = Documentation\DatabaseDesign_Migration.docx
		ChromeDriver_notes.txt = ChromeDriver_notes.txt
		Documentation\MobileOMatic Process Flow.docx = Documentation\MobileOMatic Process Flow.docx
		NugetPackageNotes.txt = NugetPackageNotes.txt
		Documentation\RESTEndpointFlow.pdf = Documentation\RESTEndpointFlow.pdf
		Documentation\Services Overview.pdf = Documentation\Services Overview.pdf
		Documentation\Services Overview.vsdx = Documentation\Services Overview.vsdx
	EndProjectSection
EndProject
Global
	GlobalSection(SolutionConfigurationPlatforms) = preSolution
		Debug|Any CPU = Debug|Any CPU
		Debug-Linux|Any CPU = Debug-Linux|Any CPU
		Release|Any CPU = Release|Any CPU
		Release-Linux|Any CPU = Release-Linux|Any CPU
	EndGlobalSection
	GlobalSection(ProjectConfigurationPlatforms) = postSolution
		{084E4685-BC92-4EDE-8C82-639192616C3E}.Debug|Any CPU.ActiveCfg = Debug|Any CPU
		{084E4685-BC92-4EDE-8C82-639192616C3E}.Debug|Any CPU.Build.0 = Debug|Any CPU
		{084E4685-BC92-4EDE-8C82-639192616C3E}.Debug-Linux|Any CPU.ActiveCfg = Debug|Any CPU
		{084E4685-BC92-4EDE-8C82-639192616C3E}.Debug-Linux|Any CPU.Build.0 = Debug|Any CPU
		{084E4685-BC92-4EDE-8C82-639192616C3E}.Release|Any CPU.ActiveCfg = Release|Any CPU
		{084E4685-BC92-4EDE-8C82-639192616C3E}.Release|Any CPU.Build.0 = Release|Any CPU
		{084E4685-BC92-4EDE-8C82-639192616C3E}.Release-Linux|Any CPU.ActiveCfg = Release|Any CPU
		{084E4685-BC92-4EDE-8C82-639192616C3E}.Release-Linux|Any CPU.Build.0 = Release|Any CPU
		{DCDC2001-762F-462A-A05B-FFF7BC7D87E8}.Debug|Any CPU.ActiveCfg = Debug|Any CPU
		{DCDC2001-762F-462A-A05B-FFF7BC7D87E8}.Debug|Any CPU.Build.0 = Debug|Any CPU
		{DCDC2001-762F-462A-A05B-FFF7BC7D87E8}.Debug-Linux|Any CPU.ActiveCfg = Debug|Any CPU
		{DCDC2001-762F-462A-A05B-FFF7BC7D87E8}.Debug-Linux|Any CPU.Build.0 = Debug|Any CPU
		{DCDC2001-762F-462A-A05B-FFF7BC7D87E8}.Release|Any CPU.ActiveCfg = Release|Any CPU
		{DCDC2001-762F-462A-A05B-FFF7BC7D87E8}.Release|Any CPU.Build.0 = Release|Any CPU
		{DCDC2001-762F-462A-A05B-FFF7BC7D87E8}.Release-Linux|Any CPU.ActiveCfg = Release|Any CPU
		{DCDC2001-762F-462A-A05B-FFF7BC7D87E8}.Release-Linux|Any CPU.Build.0 = Release|Any CPU
		{315660FA-A8C3-4D6A-AC36-7F0416B8C405}.Debug|Any CPU.ActiveCfg = Debug|Any CPU
		{315660FA-A8C3-4D6A-AC36-7F0416B8C405}.Debug|Any CPU.Build.0 = Debug|Any CPU
		{315660FA-A8C3-4D6A-AC36-7F0416B8C405}.Debug-Linux|Any CPU.ActiveCfg = Debug|Any CPU
		{315660FA-A8C3-4D6A-AC36-7F0416B8C405}.Debug-Linux|Any CPU.Build.0 = Debug|Any CPU
		{315660FA-A8C3-4D6A-AC36-7F0416B8C405}.Release|Any CPU.ActiveCfg = Release|Any CPU
		{315660FA-A8C3-4D6A-AC36-7F0416B8C405}.Release|Any CPU.Build.0 = Release|Any CPU
		{315660FA-A8C3-4D6A-AC36-7F0416B8C405}.Release-Linux|Any CPU.ActiveCfg = Release|Any CPU
		{315660FA-A8C3-4D6A-AC36-7F0416B8C405}.Release-Linux|Any CPU.Build.0 = Release|Any CPU
		{FB8468AD-6CE8-4054-9F2F-C1129D203015}.Debug|Any CPU.ActiveCfg = Debug|Any CPU
		{FB8468AD-6CE8-4054-9F2F-C1129D203015}.Debug|Any CPU.Build.0 = Debug|Any CPU
		{FB8468AD-6CE8-4054-9F2F-C1129D203015}.Debug-Linux|Any CPU.ActiveCfg = Debug|Any CPU
		{FB8468AD-6CE8-4054-9F2F-C1129D203015}.Debug-Linux|Any CPU.Build.0 = Debug|Any CPU
		{FB8468AD-6CE8-4054-9F2F-C1129D203015}.Release|Any CPU.ActiveCfg = Release|Any CPU
		{FB8468AD-6CE8-4054-9F2F-C1129D203015}.Release|Any CPU.Build.0 = Release|Any CPU
		{FB8468AD-6CE8-4054-9F2F-C1129D203015}.Release-Linux|Any CPU.ActiveCfg = Release|Any CPU
		{FB8468AD-6CE8-4054-9F2F-C1129D203015}.Release-Linux|Any CPU.Build.0 = Release|Any CPU
		{AFBE7401-4378-4C55-A28B-4A95EFB0DA32}.Debug|Any CPU.ActiveCfg = Debug|Any CPU
		{AFBE7401-4378-4C55-A28B-4A95EFB0DA32}.Debug|Any CPU.Build.0 = Debug|Any CPU
		{AFBE7401-4378-4C55-A28B-4A95EFB0DA32}.Debug-Linux|Any CPU.ActiveCfg = Debug|Any CPU
		{AFBE7401-4378-4C55-A28B-4A95EFB0DA32}.Debug-Linux|Any CPU.Build.0 = Debug|Any CPU
		{AFBE7401-4378-4C55-A28B-4A95EFB0DA32}.Release|Any CPU.ActiveCfg = Release|Any CPU
		{AFBE7401-4378-4C55-A28B-4A95EFB0DA32}.Release|Any CPU.Build.0 = Release|Any CPU
		{AFBE7401-4378-4C55-A28B-4A95EFB0DA32}.Release-Linux|Any CPU.ActiveCfg = Release|Any CPU
		{AFBE7401-4378-4C55-A28B-4A95EFB0DA32}.Release-Linux|Any CPU.Build.0 = Release|Any CPU
		{3907C0E6-9780-4D50-9B12-FAAA6324F3BD}.Debug|Any CPU.ActiveCfg = Debug|Any CPU
		{3907C0E6-9780-4D50-9B12-FAAA6324F3BD}.Debug|Any CPU.Build.0 = Debug|Any CPU
		{3907C0E6-9780-4D50-9B12-FAAA6324F3BD}.Debug-Linux|Any CPU.ActiveCfg = Debug-Linux|Any CPU
		{3907C0E6-9780-4D50-9B12-FAAA6324F3BD}.Debug-Linux|Any CPU.Build.0 = Debug-Linux|Any CPU
		{3907C0E6-9780-4D50-9B12-FAAA6324F3BD}.Release|Any CPU.ActiveCfg = Release|Any CPU
		{3907C0E6-9780-4D50-9B12-FAAA6324F3BD}.Release|Any CPU.Build.0 = Release|Any CPU
		{3907C0E6-9780-4D50-9B12-FAAA6324F3BD}.Release-Linux|Any CPU.ActiveCfg = Release-Linux|Any CPU
		{3907C0E6-9780-4D50-9B12-FAAA6324F3BD}.Release-Linux|Any CPU.Build.0 = Release-Linux|Any CPU
		{C4C73691-80C2-4F0F-BCC5-89CDF23D68D1}.Debug|Any CPU.ActiveCfg = Debug|Any CPU
		{C4C73691-80C2-4F0F-BCC5-89CDF23D68D1}.Debug|Any CPU.Build.0 = Debug|Any CPU
		{C4C73691-80C2-4F0F-BCC5-89CDF23D68D1}.Debug-Linux|Any CPU.ActiveCfg = Debug-Linux|Any CPU
		{C4C73691-80C2-4F0F-BCC5-89CDF23D68D1}.Debug-Linux|Any CPU.Build.0 = Debug-Linux|Any CPU
		{C4C73691-80C2-4F0F-BCC5-89CDF23D68D1}.Release|Any CPU.ActiveCfg = Release|Any CPU
		{C4C73691-80C2-4F0F-BCC5-89CDF23D68D1}.Release|Any CPU.Build.0 = Release|Any CPU
		{C4C73691-80C2-4F0F-BCC5-89CDF23D68D1}.Release-Linux|Any CPU.ActiveCfg = Release-Linux|Any CPU
		{C4C73691-80C2-4F0F-BCC5-89CDF23D68D1}.Release-Linux|Any CPU.Build.0 = Release-Linux|Any CPU
		{772CA7EE-D81A-4F70-A870-917B9FE274F6}.Debug|Any CPU.ActiveCfg = Debug|Any CPU
		{772CA7EE-D81A-4F70-A870-917B9FE274F6}.Debug|Any CPU.Build.0 = Debug|Any CPU
		{772CA7EE-D81A-4F70-A870-917B9FE274F6}.Debug-Linux|Any CPU.ActiveCfg = Debug|Any CPU
		{772CA7EE-D81A-4F70-A870-917B9FE274F6}.Debug-Linux|Any CPU.Build.0 = Debug|Any CPU
		{772CA7EE-D81A-4F70-A870-917B9FE274F6}.Release|Any CPU.ActiveCfg = Release|Any CPU
		{772CA7EE-D81A-4F70-A870-917B9FE274F6}.Release|Any CPU.Build.0 = Release|Any CPU
		{772CA7EE-D81A-4F70-A870-917B9FE274F6}.Release-Linux|Any CPU.ActiveCfg = Release|Any CPU
		{772CA7EE-D81A-4F70-A870-917B9FE274F6}.Release-Linux|Any CPU.Build.0 = Release|Any CPU
		{1B946E24-3063-4C90-B494-DCD261F2B853}.Debug|Any CPU.ActiveCfg = Debug|Any CPU
		{1B946E24-3063-4C90-B494-DCD261F2B853}.Debug|Any CPU.Build.0 = Debug|Any CPU
		{1B946E24-3063-4C90-B494-DCD261F2B853}.Debug-Linux|Any CPU.ActiveCfg = Debug|Any CPU
		{1B946E24-3063-4C90-B494-DCD261F2B853}.Debug-Linux|Any CPU.Build.0 = Debug|Any CPU
		{1B946E24-3063-4C90-B494-DCD261F2B853}.Release|Any CPU.ActiveCfg = Release|Any CPU
		{1B946E24-3063-4C90-B494-DCD261F2B853}.Release|Any CPU.Build.0 = Release|Any CPU
		{1B946E24-3063-4C90-B494-DCD261F2B853}.Release-Linux|Any CPU.ActiveCfg = Release|Any CPU
		{1B946E24-3063-4C90-B494-DCD261F2B853}.Release-Linux|Any CPU.Build.0 = Release|Any CPU
		{AB33D57E-0A33-4F13-B0F1-C449B1CC9BBB}.Debug|Any CPU.ActiveCfg = Debug|Any CPU
		{AB33D57E-0A33-4F13-B0F1-C449B1CC9BBB}.Debug|Any CPU.Build.0 = Debug|Any CPU
		{AB33D57E-0A33-4F13-B0F1-C449B1CC9BBB}.Debug-Linux|Any CPU.ActiveCfg = Debug|Any CPU
		{AB33D57E-0A33-4F13-B0F1-C449B1CC9BBB}.Debug-Linux|Any CPU.Build.0 = Debug|Any CPU
		{AB33D57E-0A33-4F13-B0F1-C449B1CC9BBB}.Release|Any CPU.ActiveCfg = Release|Any CPU
		{AB33D57E-0A33-4F13-B0F1-C449B1CC9BBB}.Release|Any CPU.Build.0 = Release|Any CPU
		{AB33D57E-0A33-4F13-B0F1-C449B1CC9BBB}.Release-Linux|Any CPU.ActiveCfg = Release|Any CPU
		{AB33D57E-0A33-4F13-B0F1-C449B1CC9BBB}.Release-Linux|Any CPU.Build.0 = Release|Any CPU
		{A79ED1B3-5967-4ECA-8E73-5566182C1A7A}.Debug|Any CPU.ActiveCfg = Debug|Any CPU
		{A79ED1B3-5967-4ECA-8E73-5566182C1A7A}.Debug|Any CPU.Build.0 = Debug|Any CPU
		{A79ED1B3-5967-4ECA-8E73-5566182C1A7A}.Debug-Linux|Any CPU.ActiveCfg = Debug|Any CPU
		{A79ED1B3-5967-4ECA-8E73-5566182C1A7A}.Debug-Linux|Any CPU.Build.0 = Debug|Any CPU
		{A79ED1B3-5967-4ECA-8E73-5566182C1A7A}.Release|Any CPU.ActiveCfg = Release|Any CPU
		{A79ED1B3-5967-4ECA-8E73-5566182C1A7A}.Release|Any CPU.Build.0 = Release|Any CPU
		{A79ED1B3-5967-4ECA-8E73-5566182C1A7A}.Release-Linux|Any CPU.ActiveCfg = Release|Any CPU
		{A79ED1B3-5967-4ECA-8E73-5566182C1A7A}.Release-Linux|Any CPU.Build.0 = Release|Any CPU
		{BA07E48E-410B-44BD-81FE-874FAED9DB86}.Debug|Any CPU.ActiveCfg = Debug|Any CPU
		{BA07E48E-410B-44BD-81FE-874FAED9DB86}.Debug|Any CPU.Build.0 = Debug|Any CPU
		{BA07E48E-410B-44BD-81FE-874FAED9DB86}.Debug-Linux|Any CPU.ActiveCfg = Debug|Any CPU
		{BA07E48E-410B-44BD-81FE-874FAED9DB86}.Debug-Linux|Any CPU.Build.0 = Debug|Any CPU
		{BA07E48E-410B-44BD-81FE-874FAED9DB86}.Release|Any CPU.ActiveCfg = Release|Any CPU
		{BA07E48E-410B-44BD-81FE-874FAED9DB86}.Release|Any CPU.Build.0 = Release|Any CPU
		{BA07E48E-410B-44BD-81FE-874FAED9DB86}.Release-Linux|Any CPU.ActiveCfg = Release|Any CPU
		{BA07E48E-410B-44BD-81FE-874FAED9DB86}.Release-Linux|Any CPU.Build.0 = Release|Any CPU
		{68CFC54F-31E6-4C45-84FF-0641C0EE67B0}.Debug|Any CPU.ActiveCfg = Debug|Any CPU
		{68CFC54F-31E6-4C45-84FF-0641C0EE67B0}.Debug|Any CPU.Build.0 = Debug|Any CPU
		{68CFC54F-31E6-4C45-84FF-0641C0EE67B0}.Debug-Linux|Any CPU.ActiveCfg = Debug|Any CPU
		{68CFC54F-31E6-4C45-84FF-0641C0EE67B0}.Debug-Linux|Any CPU.Build.0 = Debug|Any CPU
		{68CFC54F-31E6-4C45-84FF-0641C0EE67B0}.Release|Any CPU.ActiveCfg = Release|Any CPU
		{68CFC54F-31E6-4C45-84FF-0641C0EE67B0}.Release|Any CPU.Build.0 = Release|Any CPU
		{68CFC54F-31E6-4C45-84FF-0641C0EE67B0}.Release-Linux|Any CPU.ActiveCfg = Release|Any CPU
		{68CFC54F-31E6-4C45-84FF-0641C0EE67B0}.Release-Linux|Any CPU.Build.0 = Release|Any CPU
		{FFDE5333-94BC-4645-98DE-A7A17BFE86AD}.Debug|Any CPU.ActiveCfg = Debug|Any CPU
		{FFDE5333-94BC-4645-98DE-A7A17BFE86AD}.Debug|Any CPU.Build.0 = Debug|Any CPU
		{FFDE5333-94BC-4645-98DE-A7A17BFE86AD}.Debug-Linux|Any CPU.ActiveCfg = Debug|Any CPU
		{FFDE5333-94BC-4645-98DE-A7A17BFE86AD}.Debug-Linux|Any CPU.Build.0 = Debug|Any CPU
		{FFDE5333-94BC-4645-98DE-A7A17BFE86AD}.Release|Any CPU.ActiveCfg = Release|Any CPU
		{FFDE5333-94BC-4645-98DE-A7A17BFE86AD}.Release|Any CPU.Build.0 = Release|Any CPU
		{FFDE5333-94BC-4645-98DE-A7A17BFE86AD}.Release-Linux|Any CPU.ActiveCfg = Release|Any CPU
		{FFDE5333-94BC-4645-98DE-A7A17BFE86AD}.Release-Linux|Any CPU.Build.0 = Release|Any CPU
		{505FE7CA-E443-43C8-B7AD-26A5CF2A7887}.Debug|Any CPU.ActiveCfg = Debug|Any CPU
		{505FE7CA-E443-43C8-B7AD-26A5CF2A7887}.Debug|Any CPU.Build.0 = Debug|Any CPU
		{505FE7CA-E443-43C8-B7AD-26A5CF2A7887}.Debug-Linux|Any CPU.ActiveCfg = Debug|Any CPU
		{505FE7CA-E443-43C8-B7AD-26A5CF2A7887}.Debug-Linux|Any CPU.Build.0 = Debug|Any CPU
		{505FE7CA-E443-43C8-B7AD-26A5CF2A7887}.Release|Any CPU.ActiveCfg = Release|Any CPU
		{505FE7CA-E443-43C8-B7AD-26A5CF2A7887}.Release|Any CPU.Build.0 = Release|Any CPU
		{505FE7CA-E443-43C8-B7AD-26A5CF2A7887}.Release-Linux|Any CPU.ActiveCfg = Release|Any CPU
		{505FE7CA-E443-43C8-B7AD-26A5CF2A7887}.Release-Linux|Any CPU.Build.0 = Release|Any CPU
		{F809F973-33BF-41C0-B4AA-D993FCD9CA1A}.Debug|Any CPU.ActiveCfg = Debug|Any CPU
		{F809F973-33BF-41C0-B4AA-D993FCD9CA1A}.Debug|Any CPU.Build.0 = Debug|Any CPU
		{F809F973-33BF-41C0-B4AA-D993FCD9CA1A}.Debug-Linux|Any CPU.ActiveCfg = Debug|Any CPU
		{F809F973-33BF-41C0-B4AA-D993FCD9CA1A}.Debug-Linux|Any CPU.Build.0 = Debug|Any CPU
		{F809F973-33BF-41C0-B4AA-D993FCD9CA1A}.Release|Any CPU.ActiveCfg = Release|Any CPU
		{F809F973-33BF-41C0-B4AA-D993FCD9CA1A}.Release|Any CPU.Build.0 = Release|Any CPU
		{F809F973-33BF-41C0-B4AA-D993FCD9CA1A}.Release-Linux|Any CPU.ActiveCfg = Release|Any CPU
		{F809F973-33BF-41C0-B4AA-D993FCD9CA1A}.Release-Linux|Any CPU.Build.0 = Release|Any CPU
		{505A726B-1ED4-4406-A2D0-4CC27B8EE36B}.Debug|Any CPU.ActiveCfg = Debug|Any CPU
		{505A726B-1ED4-4406-A2D0-4CC27B8EE36B}.Debug|Any CPU.Build.0 = Debug|Any CPU
		{505A726B-1ED4-4406-A2D0-4CC27B8EE36B}.Debug-Linux|Any CPU.ActiveCfg = Debug|Any CPU
		{505A726B-1ED4-4406-A2D0-4CC27B8EE36B}.Debug-Linux|Any CPU.Build.0 = Debug|Any CPU
		{505A726B-1ED4-4406-A2D0-4CC27B8EE36B}.Release|Any CPU.ActiveCfg = Release|Any CPU
		{505A726B-1ED4-4406-A2D0-4CC27B8EE36B}.Release|Any CPU.Build.0 = Release|Any CPU
		{505A726B-1ED4-4406-A2D0-4CC27B8EE36B}.Release-Linux|Any CPU.ActiveCfg = Release|Any CPU
		{505A726B-1ED4-4406-A2D0-4CC27B8EE36B}.Release-Linux|Any CPU.Build.0 = Release|Any CPU
		{37A70522-6B27-476F-8BCF-A0B9A3B2F956}.Debug|Any CPU.ActiveCfg = Debug|Any CPU
		{37A70522-6B27-476F-8BCF-A0B9A3B2F956}.Debug|Any CPU.Build.0 = Debug|Any CPU
		{37A70522-6B27-476F-8BCF-A0B9A3B2F956}.Debug-Linux|Any CPU.ActiveCfg = Debug|Any CPU
		{37A70522-6B27-476F-8BCF-A0B9A3B2F956}.Debug-Linux|Any CPU.Build.0 = Debug|Any CPU
		{37A70522-6B27-476F-8BCF-A0B9A3B2F956}.Release|Any CPU.ActiveCfg = Release|Any CPU
		{37A70522-6B27-476F-8BCF-A0B9A3B2F956}.Release|Any CPU.Build.0 = Release|Any CPU
		{37A70522-6B27-476F-8BCF-A0B9A3B2F956}.Release-Linux|Any CPU.ActiveCfg = Release|Any CPU
		{37A70522-6B27-476F-8BCF-A0B9A3B2F956}.Release-Linux|Any CPU.Build.0 = Release|Any CPU
		{AD8DC8D2-A387-46C9-8685-72F14CD1F539}.Debug|Any CPU.ActiveCfg = Debug|Any CPU
		{AD8DC8D2-A387-46C9-8685-72F14CD1F539}.Debug|Any CPU.Build.0 = Debug|Any CPU
		{AD8DC8D2-A387-46C9-8685-72F14CD1F539}.Debug-Linux|Any CPU.ActiveCfg = Debug|Any CPU
		{AD8DC8D2-A387-46C9-8685-72F14CD1F539}.Debug-Linux|Any CPU.Build.0 = Debug|Any CPU
		{AD8DC8D2-A387-46C9-8685-72F14CD1F539}.Release|Any CPU.ActiveCfg = Release|Any CPU
		{AD8DC8D2-A387-46C9-8685-72F14CD1F539}.Release|Any CPU.Build.0 = Release|Any CPU
		{AD8DC8D2-A387-46C9-8685-72F14CD1F539}.Release-Linux|Any CPU.ActiveCfg = Release|Any CPU
		{AD8DC8D2-A387-46C9-8685-72F14CD1F539}.Release-Linux|Any CPU.Build.0 = Release|Any CPU
		{4036FAB0-6733-4FCE-9BBC-459E015B4CD8}.Debug|Any CPU.ActiveCfg = Debug|Any CPU
		{4036FAB0-6733-4FCE-9BBC-459E015B4CD8}.Debug|Any CPU.Build.0 = Debug|Any CPU
		{4036FAB0-6733-4FCE-9BBC-459E015B4CD8}.Debug-Linux|Any CPU.ActiveCfg = Debug|Any CPU
		{4036FAB0-6733-4FCE-9BBC-459E015B4CD8}.Debug-Linux|Any CPU.Build.0 = Debug|Any CPU
		{4036FAB0-6733-4FCE-9BBC-459E015B4CD8}.Release|Any CPU.ActiveCfg = Release|Any CPU
		{4036FAB0-6733-4FCE-9BBC-459E015B4CD8}.Release|Any CPU.Build.0 = Release|Any CPU
		{4036FAB0-6733-4FCE-9BBC-459E015B4CD8}.Release-Linux|Any CPU.ActiveCfg = Release|Any CPU
		{4036FAB0-6733-4FCE-9BBC-459E015B4CD8}.Release-Linux|Any CPU.Build.0 = Release|Any CPU
		{C515924D-640A-452C-9A8A-D343A02993A4}.Debug|Any CPU.ActiveCfg = Debug|Any CPU
		{C515924D-640A-452C-9A8A-D343A02993A4}.Debug|Any CPU.Build.0 = Debug|Any CPU
		{C515924D-640A-452C-9A8A-D343A02993A4}.Debug-Linux|Any CPU.ActiveCfg = Debug|Any CPU
		{C515924D-640A-452C-9A8A-D343A02993A4}.Debug-Linux|Any CPU.Build.0 = Debug|Any CPU
		{C515924D-640A-452C-9A8A-D343A02993A4}.Release|Any CPU.ActiveCfg = Release|Any CPU
		{C515924D-640A-452C-9A8A-D343A02993A4}.Release|Any CPU.Build.0 = Release|Any CPU
		{C515924D-640A-452C-9A8A-D343A02993A4}.Release-Linux|Any CPU.ActiveCfg = Release|Any CPU
		{C515924D-640A-452C-9A8A-D343A02993A4}.Release-Linux|Any CPU.Build.0 = Release|Any CPU
		{F35DACDD-1D70-401A-9BF1-29FB216D4AEF}.Debug|Any CPU.ActiveCfg = Debug|Any CPU
		{F35DACDD-1D70-401A-9BF1-29FB216D4AEF}.Debug|Any CPU.Build.0 = Debug|Any CPU
		{F35DACDD-1D70-401A-9BF1-29FB216D4AEF}.Debug-Linux|Any CPU.ActiveCfg = Debug|Any CPU
		{F35DACDD-1D70-401A-9BF1-29FB216D4AEF}.Debug-Linux|Any CPU.Build.0 = Debug|Any CPU
		{F35DACDD-1D70-401A-9BF1-29FB216D4AEF}.Release|Any CPU.ActiveCfg = Release|Any CPU
		{F35DACDD-1D70-401A-9BF1-29FB216D4AEF}.Release|Any CPU.Build.0 = Release|Any CPU
		{F35DACDD-1D70-401A-9BF1-29FB216D4AEF}.Release-Linux|Any CPU.ActiveCfg = Release|Any CPU
		{F35DACDD-1D70-401A-9BF1-29FB216D4AEF}.Release-Linux|Any CPU.Build.0 = Release|Any CPU
		{281450F7-B61A-4162-A835-554C87D4DD12}.Debug|Any CPU.ActiveCfg = Debug|Any CPU
		{281450F7-B61A-4162-A835-554C87D4DD12}.Debug|Any CPU.Build.0 = Debug|Any CPU
		{281450F7-B61A-4162-A835-554C87D4DD12}.Debug-Linux|Any CPU.ActiveCfg = Debug|Any CPU
		{281450F7-B61A-4162-A835-554C87D4DD12}.Debug-Linux|Any CPU.Build.0 = Debug|Any CPU
		{281450F7-B61A-4162-A835-554C87D4DD12}.Release|Any CPU.ActiveCfg = Release|Any CPU
		{281450F7-B61A-4162-A835-554C87D4DD12}.Release|Any CPU.Build.0 = Release|Any CPU
		{281450F7-B61A-4162-A835-554C87D4DD12}.Release-Linux|Any CPU.ActiveCfg = Release|Any CPU
		{281450F7-B61A-4162-A835-554C87D4DD12}.Release-Linux|Any CPU.Build.0 = Release|Any CPU
		{166142B3-801B-4009-BD76-A059801197F5}.Debug|Any CPU.ActiveCfg = Debug|Any CPU
		{166142B3-801B-4009-BD76-A059801197F5}.Debug|Any CPU.Build.0 = Debug|Any CPU
		{166142B3-801B-4009-BD76-A059801197F5}.Debug-Linux|Any CPU.ActiveCfg = Debug|Any CPU
		{166142B3-801B-4009-BD76-A059801197F5}.Debug-Linux|Any CPU.Build.0 = Debug|Any CPU
		{166142B3-801B-4009-BD76-A059801197F5}.Release|Any CPU.ActiveCfg = Release|Any CPU
		{166142B3-801B-4009-BD76-A059801197F5}.Release|Any CPU.Build.0 = Release|Any CPU
		{166142B3-801B-4009-BD76-A059801197F5}.Release-Linux|Any CPU.ActiveCfg = Release|Any CPU
		{166142B3-801B-4009-BD76-A059801197F5}.Release-Linux|Any CPU.Build.0 = Release|Any CPU
		{8B815BD7-AE1A-40D0-B640-1B2EE855755F}.Debug|Any CPU.ActiveCfg = Debug|Any CPU
		{8B815BD7-AE1A-40D0-B640-1B2EE855755F}.Debug|Any CPU.Build.0 = Debug|Any CPU
		{8B815BD7-AE1A-40D0-B640-1B2EE855755F}.Debug-Linux|Any CPU.ActiveCfg = Debug|Any CPU
		{8B815BD7-AE1A-40D0-B640-1B2EE855755F}.Debug-Linux|Any CPU.Build.0 = Debug|Any CPU
		{8B815BD7-AE1A-40D0-B640-1B2EE855755F}.Release|Any CPU.ActiveCfg = Release|Any CPU
		{8B815BD7-AE1A-40D0-B640-1B2EE855755F}.Release|Any CPU.Build.0 = Release|Any CPU
		{8B815BD7-AE1A-40D0-B640-1B2EE855755F}.Release-Linux|Any CPU.ActiveCfg = Release|Any CPU
		{8B815BD7-AE1A-40D0-B640-1B2EE855755F}.Release-Linux|Any CPU.Build.0 = Release|Any CPU
		{8FA99A67-720E-4A49-B99C-7B631EB478D3}.Debug|Any CPU.ActiveCfg = Debug|Any CPU
		{8FA99A67-720E-4A49-B99C-7B631EB478D3}.Debug|Any CPU.Build.0 = Debug|Any CPU
		{8FA99A67-720E-4A49-B99C-7B631EB478D3}.Debug-Linux|Any CPU.ActiveCfg = Debug|Any CPU
		{8FA99A67-720E-4A49-B99C-7B631EB478D3}.Debug-Linux|Any CPU.Build.0 = Debug|Any CPU
		{8FA99A67-720E-4A49-B99C-7B631EB478D3}.Release|Any CPU.ActiveCfg = Release|Any CPU
		{8FA99A67-720E-4A49-B99C-7B631EB478D3}.Release|Any CPU.Build.0 = Release|Any CPU
		{8FA99A67-720E-4A49-B99C-7B631EB478D3}.Release-Linux|Any CPU.ActiveCfg = Release|Any CPU
		{8FA99A67-720E-4A49-B99C-7B631EB478D3}.Release-Linux|Any CPU.Build.0 = Release|Any CPU
		{82D68B67-C4F2-4125-A902-76AADCB76882}.Debug|Any CPU.ActiveCfg = Debug|Any CPU
		{82D68B67-C4F2-4125-A902-76AADCB76882}.Debug|Any CPU.Build.0 = Debug|Any CPU
		{82D68B67-C4F2-4125-A902-76AADCB76882}.Debug-Linux|Any CPU.ActiveCfg = Debug|Any CPU
		{82D68B67-C4F2-4125-A902-76AADCB76882}.Debug-Linux|Any CPU.Build.0 = Debug|Any CPU
		{82D68B67-C4F2-4125-A902-76AADCB76882}.Release|Any CPU.ActiveCfg = Release|Any CPU
		{82D68B67-C4F2-4125-A902-76AADCB76882}.Release|Any CPU.Build.0 = Release|Any CPU
		{82D68B67-C4F2-4125-A902-76AADCB76882}.Release-Linux|Any CPU.ActiveCfg = Release|Any CPU
		{82D68B67-C4F2-4125-A902-76AADCB76882}.Release-Linux|Any CPU.Build.0 = Release|Any CPU
		{57D3C053-C78A-45DB-B6B6-418A59E53CE0}.Debug|Any CPU.ActiveCfg = Debug|Any CPU
		{57D3C053-C78A-45DB-B6B6-418A59E53CE0}.Debug|Any CPU.Build.0 = Debug|Any CPU
		{57D3C053-C78A-45DB-B6B6-418A59E53CE0}.Debug-Linux|Any CPU.ActiveCfg = Debug|Any CPU
		{57D3C053-C78A-45DB-B6B6-418A59E53CE0}.Debug-Linux|Any CPU.Build.0 = Debug|Any CPU
		{57D3C053-C78A-45DB-B6B6-418A59E53CE0}.Release|Any CPU.ActiveCfg = Release|Any CPU
		{57D3C053-C78A-45DB-B6B6-418A59E53CE0}.Release|Any CPU.Build.0 = Release|Any CPU
		{57D3C053-C78A-45DB-B6B6-418A59E53CE0}.Release-Linux|Any CPU.ActiveCfg = Release|Any CPU
		{57D3C053-C78A-45DB-B6B6-418A59E53CE0}.Release-Linux|Any CPU.Build.0 = Release|Any CPU
		{FFC58534-26AF-4534-AB00-3C1D330620E7}.Debug|Any CPU.ActiveCfg = Debug|Any CPU
		{FFC58534-26AF-4534-AB00-3C1D330620E7}.Debug|Any CPU.Build.0 = Debug|Any CPU
		{FFC58534-26AF-4534-AB00-3C1D330620E7}.Debug-Linux|Any CPU.ActiveCfg = Debug|Any CPU
		{FFC58534-26AF-4534-AB00-3C1D330620E7}.Debug-Linux|Any CPU.Build.0 = Debug|Any CPU
		{FFC58534-26AF-4534-AB00-3C1D330620E7}.Release|Any CPU.ActiveCfg = Release|Any CPU
		{FFC58534-26AF-4534-AB00-3C1D330620E7}.Release|Any CPU.Build.0 = Release|Any CPU
		{FFC58534-26AF-4534-AB00-3C1D330620E7}.Release-Linux|Any CPU.ActiveCfg = Release|Any CPU
		{FFC58534-26AF-4534-AB00-3C1D330620E7}.Release-Linux|Any CPU.Build.0 = Release|Any CPU
		{7AB82668-99B6-4558-85C7-7DF6FA6A5C10}.Debug|Any CPU.ActiveCfg = Debug|Any CPU
		{7AB82668-99B6-4558-85C7-7DF6FA6A5C10}.Debug|Any CPU.Build.0 = Debug|Any CPU
		{7AB82668-99B6-4558-85C7-7DF6FA6A5C10}.Debug-Linux|Any CPU.ActiveCfg = Debug|Any CPU
		{7AB82668-99B6-4558-85C7-7DF6FA6A5C10}.Debug-Linux|Any CPU.Build.0 = Debug|Any CPU
		{7AB82668-99B6-4558-85C7-7DF6FA6A5C10}.Release|Any CPU.ActiveCfg = Release|Any CPU
		{7AB82668-99B6-4558-85C7-7DF6FA6A5C10}.Release|Any CPU.Build.0 = Release|Any CPU
		{7AB82668-99B6-4558-85C7-7DF6FA6A5C10}.Release-Linux|Any CPU.ActiveCfg = Release|Any CPU
		{7AB82668-99B6-4558-85C7-7DF6FA6A5C10}.Release-Linux|Any CPU.Build.0 = Release|Any CPU
		{991A58AD-7D36-48D4-84D7-4DB31315F81B}.Debug|Any CPU.ActiveCfg = Debug|Any CPU
		{991A58AD-7D36-48D4-84D7-4DB31315F81B}.Debug|Any CPU.Build.0 = Debug|Any CPU
		{991A58AD-7D36-48D4-84D7-4DB31315F81B}.Debug-Linux|Any CPU.ActiveCfg = Debug|Any CPU
		{991A58AD-7D36-48D4-84D7-4DB31315F81B}.Debug-Linux|Any CPU.Build.0 = Debug|Any CPU
		{991A58AD-7D36-48D4-84D7-4DB31315F81B}.Release|Any CPU.ActiveCfg = Release|Any CPU
		{991A58AD-7D36-48D4-84D7-4DB31315F81B}.Release|Any CPU.Build.0 = Release|Any CPU
		{991A58AD-7D36-48D4-84D7-4DB31315F81B}.Release-Linux|Any CPU.ActiveCfg = Release|Any CPU
		{991A58AD-7D36-48D4-84D7-4DB31315F81B}.Release-Linux|Any CPU.Build.0 = Release|Any CPU
		{CEF32AE7-AF69-4A45-8B82-1D8DB58A62D0}.Debug|Any CPU.ActiveCfg = Debug|Any CPU
		{CEF32AE7-AF69-4A45-8B82-1D8DB58A62D0}.Debug|Any CPU.Build.0 = Debug|Any CPU
		{CEF32AE7-AF69-4A45-8B82-1D8DB58A62D0}.Debug-Linux|Any CPU.ActiveCfg = Debug|Any CPU
		{CEF32AE7-AF69-4A45-8B82-1D8DB58A62D0}.Debug-Linux|Any CPU.Build.0 = Debug|Any CPU
		{CEF32AE7-AF69-4A45-8B82-1D8DB58A62D0}.Release|Any CPU.ActiveCfg = Release|Any CPU
		{CEF32AE7-AF69-4A45-8B82-1D8DB58A62D0}.Release|Any CPU.Build.0 = Release|Any CPU
		{CEF32AE7-AF69-4A45-8B82-1D8DB58A62D0}.Release-Linux|Any CPU.ActiveCfg = Release|Any CPU
		{CEF32AE7-AF69-4A45-8B82-1D8DB58A62D0}.Release-Linux|Any CPU.Build.0 = Release|Any CPU
	EndGlobalSection
	GlobalSection(SolutionProperties) = preSolution
		HideSolutionNode = FALSE
	EndGlobalSection
	GlobalSection(NestedProjects) = preSolution
		{DCDC2001-762F-462A-A05B-FFF7BC7D87E8} = {5AE88197-6AFE-4BAB-BB90-971AB0A0AC68}
		{315660FA-A8C3-4D6A-AC36-7F0416B8C405} = {44413A29-0B96-4D93-9727-65FA1682DF01}
		{FB8468AD-6CE8-4054-9F2F-C1129D203015} = {32A6DEAF-2409-4341-984D-4BF92708F525}
		{AFBE7401-4378-4C55-A28B-4A95EFB0DA32} = {CFF35558-0245-4504-8738-EAC08235531F}
		{3907C0E6-9780-4D50-9B12-FAAA6324F3BD} = {32A6DEAF-2409-4341-984D-4BF92708F525}
		{C4C73691-80C2-4F0F-BCC5-89CDF23D68D1} = {32A6DEAF-2409-4341-984D-4BF92708F525}
		{772CA7EE-D81A-4F70-A870-917B9FE274F6} = {32A6DEAF-2409-4341-984D-4BF92708F525}
		{1B946E24-3063-4C90-B494-DCD261F2B853} = {3CE12A3C-1D02-4661-A4D5-29905ED26725}
		{AB33D57E-0A33-4F13-B0F1-C449B1CC9BBB} = {57E6D0DC-5947-4927-A3D9-97745B3E84C5}
		{A79ED1B3-5967-4ECA-8E73-5566182C1A7A} = {5AE88197-6AFE-4BAB-BB90-971AB0A0AC68}
		{BA07E48E-410B-44BD-81FE-874FAED9DB86} = {04F3A803-EB5A-49FD-AE92-090C9B8B52A0}
		{68CFC54F-31E6-4C45-84FF-0641C0EE67B0} = {04F3A803-EB5A-49FD-AE92-090C9B8B52A0}
		{FFDE5333-94BC-4645-98DE-A7A17BFE86AD} = {04F3A803-EB5A-49FD-AE92-090C9B8B52A0}
		{505FE7CA-E443-43C8-B7AD-26A5CF2A7887} = {04F3A803-EB5A-49FD-AE92-090C9B8B52A0}
		{F809F973-33BF-41C0-B4AA-D993FCD9CA1A} = {5AE88197-6AFE-4BAB-BB90-971AB0A0AC68}
		{505A726B-1ED4-4406-A2D0-4CC27B8EE36B} = {A1630574-3BCF-45CE-A9ED-63B533290D56}
		{37A70522-6B27-476F-8BCF-A0B9A3B2F956} = {A1630574-3BCF-45CE-A9ED-63B533290D56}
		{AD8DC8D2-A387-46C9-8685-72F14CD1F539} = {04F3A803-EB5A-49FD-AE92-090C9B8B52A0}
		{4036FAB0-6733-4FCE-9BBC-459E015B4CD8} = {5AE88197-6AFE-4BAB-BB90-971AB0A0AC68}
		{C515924D-640A-452C-9A8A-D343A02993A4} = {04F3A803-EB5A-49FD-AE92-090C9B8B52A0}
		{F35DACDD-1D70-401A-9BF1-29FB216D4AEF} = {04F3A803-EB5A-49FD-AE92-090C9B8B52A0}
		{281450F7-B61A-4162-A835-554C87D4DD12} = {32A6DEAF-2409-4341-984D-4BF92708F525}
		{166142B3-801B-4009-BD76-A059801197F5} = {32A6DEAF-2409-4341-984D-4BF92708F525}
		{8B815BD7-AE1A-40D0-B640-1B2EE855755F} = {04F3A803-EB5A-49FD-AE92-090C9B8B52A0}
		{8FA99A67-720E-4A49-B99C-7B631EB478D3} = {04F3A803-EB5A-49FD-AE92-090C9B8B52A0}
		{82D68B67-C4F2-4125-A902-76AADCB76882} = {04F3A803-EB5A-49FD-AE92-090C9B8B52A0}
		{57D3C053-C78A-45DB-B6B6-418A59E53CE0} = {44413A29-0B96-4D93-9727-65FA1682DF01}
		{FFC58534-26AF-4534-AB00-3C1D330620E7} = {44413A29-0B96-4D93-9727-65FA1682DF01}
		{A1630574-3BCF-45CE-A9ED-63B533290D56} = {3CE12A3C-1D02-4661-A4D5-29905ED26725}
		{57E6D0DC-5947-4927-A3D9-97745B3E84C5} = {3CE12A3C-1D02-4661-A4D5-29905ED26725}
		{7AB82668-99B6-4558-85C7-7DF6FA6A5C10} = {57E6D0DC-5947-4927-A3D9-97745B3E84C5}
		{991A58AD-7D36-48D4-84D7-4DB31315F81B} = {32A6DEAF-2409-4341-984D-4BF92708F525}
		{CEF32AE7-AF69-4A45-8B82-1D8DB58A62D0} = {04F3A803-EB5A-49FD-AE92-090C9B8B52A0}
	EndGlobalSection
	GlobalSection(ExtensibilityGlobals) = postSolution
		SolutionGuid = {0B70FE91-13AB-4324-B0D4-CBA8FCB24D18}
	EndGlobalSection
EndGlobal
